PODS:
  - "app_settings (3.0.0+1)":
    - Flutter
  - Flutter (1.0.0)
  - permission_handler_apple (9.1.0):
    - Flutter
  - Protobuf (3.23.3)
  - reactive_ble_mobile (0.0.1):
    - Flutter
    - Protobuf (~> 3.5)
    - SwiftProtobuf (~> 1.0)
  - SwiftProtobuf (1.22.0)

DEPENDENCIES:
  - app_settings (from `.symlinks/plugins/app_settings/ios`)
  - Flutter (from `Flutter`)
  - permission_handler_apple (from `.symlinks/plugins/permission_handler_apple/ios`)
  - reactive_ble_mobile (from `.symlinks/plugins/reactive_ble_mobile/ios`)

SPEC REPOS:
  trunk:
    - Protobuf
    - SwiftProtobuf

EXTERNAL SOURCES:
  app_settings:
    :path: ".symlinks/plugins/app_settings/ios"
  Flutter:
    :path: Flutter
  permission_handler_apple:
    :path: ".symlinks/plugins/permission_handler_apple/ios"
  reactive_ble_mobile:
    :path: ".symlinks/plugins/reactive_ble_mobile/ios"

SPEC CHECKSUMS:
  app_settings: d103828c9f5d515c4df9ee754dabd443f7cedcf3
  Flutter: f04841e97a9d0b0a8025694d0796dd46242b2854
  permission_handler_apple: 8f116445eff3c0e7c65ad60f5fef5490aa94b4e4
  Protobuf: d9c3d7e5a3574aa6a5d521f2d9f733c76d294be8
  reactive_ble_mobile: 9ce6723d37ccf701dbffd202d487f23f5de03b4c
  SwiftProtobuf: 40bd808372cb8706108f22d28f8ab4a6b9bc6989

PODFILE CHECKSUM: 6b9eb94e9f98a329f2ef624b852a6e42d090af2b

COCOAPODS: 1.11.3
